
Microsoft Visual Studio Solution File, Format Version 12.00
# Visual Studio Version 17
VisualStudioVersion = 17.5.33530.505
MinimumVisualStudioVersion = 10.0.40219.1
Project("{FAE04EC0-301F-11D3-BF4B-00C04F79EFBC}") = "assignment2", "assignment2\assignment2.csproj", "{2AA37262-2E73-4D30-A491-670711FF9E1D}"
EndProject
Global
	GlobalSection(SolutionConfigurationPlatforms) = preSolution
		Debug|Any CPU = Debug|Any CPU
		Release|Any CPU = Release|Any CPU
	EndGlobalSection
	GlobalSection(ProjectConfigurationPlatforms) = postSolution
		{2AA37262-2E73-4D30-A491-670711FF9E1D}.Debug|Any CPU.ActiveCfg = Debug|Any CPU
		{2AA37262-2E73-4D30-A491-670711FF9E1D}.Debug|Any CPU.Build.0 = Debug|Any CPU
		{2AA37262-2E73-4D30-A491-670711FF9E1D}.Release|Any CPU.ActiveCfg = Release|Any CPU
		{2AA37262-2E73-4D30-A491-670711FF9E1D}.Release|Any CPU.Build.0 = Release|Any CPU
	EndGlobalSection
	GlobalSection(SolutionProperties) = preSolution
		HideSolutionNode = FALSE
	EndGlobalSection
	GlobalSection(ExtensibilityGlobals) = postSolution
		SolutionGuid = {3F307FC8-EDBC-4C5F-8BBD-C650318F9C11}
	EndGlobalSection
EndGlobal
